<?xml version="1.0" encoding="utf-8"?>
<Project ToolsVersion="4.0" xmlns="http://schemas.microsoft.com/developer/msbuild/2003">
  <ItemGroup>
    <Filter Include="源文件">
      <UniqueIdentifier>{4FC737F1-C7A5-4376-A066-2A32D752A2FF}</UniqueIdentifier>
      <Extensions>cpp;c;cc;cxx;c++;cppm;ixx;def;odl;idl;hpj;bat;asm;asmx</Extensions>
    </Filter>
    <Filter Include="头文件">
      <UniqueIdentifier>{93995380-89BD-4b04-88EB-625FBE52EBFB}</UniqueIdentifier>
      <Extensions>h;hh;hpp;hxx;h++;hm;inl;inc;ipp;xsd</Extensions>
    </Filter>
    <Filter Include="资源文件">
      <UniqueIdentifier>{67DA6AB6-F800-4c08-8B7A-83BB121AAD01}</UniqueIdentifier>
      <Extensions>rc;ico;cur;bmp;dlg;rc2;rct;bin;rgs;gif;jpg;jpeg;jpe;resx;tiff;tif;png;wav;mfcribbon-ms</Extensions>
    </Filter>
  </ItemGroup>
  <ItemGroup>
    <ClCompile Include="myArray.hpp">
      <Filter>头文件</Filter>
    </ClCompile>
    <ClCompile Include="函数模板.cpp">
      <Filter>源文件</Filter>
    </ClCompile>
    <ClCompile Include="函数模板案例.cpp">
      <Filter>源文件</Filter>
    </ClCompile>
    <ClCompile Include="类模板成员函数类外实现.cpp">
      <Filter>源文件</Filter>
    </ClCompile>
    <ClCompile Include="类模板分文件编写.cpp">
      <Filter>源文件</Filter>
    </ClCompile>
    <ClCompile Include="类模板对象做函数参数.cpp">
      <Filter>源文件</Filter>
    </ClCompile>
    <ClCompile Include="类模板与继承.cpp">
      <Filter>源文件</Filter>
    </ClCompile>
    <ClCompile Include="类模板与友元.cpp">
      <Filter>源文件</Filter>
    </ClCompile>
    <ClCompile Include="类模板语法.cpp">
      <Filter>源文件</Filter>
    </ClCompile>
    <ClCompile Include="类模板中成员函数创建时机.cpp">
      <Filter>源文件</Filter>
    </ClCompile>
    <ClCompile Include="模板的局限性.cpp">
      <Filter>源文件</Filter>
    </ClCompile>
    <ClCompile Include="普通函数与函数模板的区别.cpp">
      <Filter>源文件</Filter>
    </ClCompile>
    <ClCompile Include="普通函数与函数模板的调用规则.cpp">
      <Filter>源文件</Filter>
    </ClCompile>
    <ClCompile Include="类模板案例.cpp">
      <Filter>源文件</Filter>
    </ClCompile>
    <ClCompile Include="容器算法迭代器初识.cpp">
      <Filter>源文件</Filter>
    </ClCompile>
    <ClCompile Include="string.cpp">
      <Filter>源文件</Filter>
    </ClCompile>
    <ClCompile Include="vector.cpp">
      <Filter>源文件</Filter>
    </ClCompile>
    <ClCompile Include="deque.cpp">
      <Filter>源文件</Filter>
    </ClCompile>
    <ClCompile Include="案例-评委打分.cpp">
      <Filter>源文件</Filter>
    </ClCompile>
    <ClCompile Include="stack.cpp">
      <Filter>源文件</Filter>
    </ClCompile>
    <ClCompile Include="queue.cpp">
      <Filter>源文件</Filter>
    </ClCompile>
    <ClCompile Include="list.cpp">
      <Filter>源文件</Filter>
    </ClCompile>
    <ClCompile Include="排序案例.cpp">
      <Filter>源文件</Filter>
    </ClCompile>
    <ClCompile Include="set_multiset.cpp">
      <Filter>源文件</Filter>
    </ClCompile>
    <ClCompile Include="map_multimap.cpp">
      <Filter>源文件</Filter>
    </ClCompile>
    <ClCompile Include="案例-员工分组.cpp">
      <Filter>源文件</Filter>
    </ClCompile>
    <ClCompile Include="函数对象.cpp">
      <Filter>源文件</Filter>
    </ClCompile>
    <ClCompile Include="遍历算法.cpp">
      <Filter>源文件</Filter>
    </ClCompile>
    <ClCompile Include="查找算法.cpp">
      <Filter>源文件</Filter>
    </ClCompile>
    <ClCompile Include="排序算法.cpp">
      <Filter>源文件</Filter>
    </ClCompile>
    <ClCompile Include="拷贝和替换算法.cpp">
      <Filter>源文件</Filter>
    </ClCompile>
    <ClCompile Include="算术生成算法.cpp">
      <Filter>源文件</Filter>
    </ClCompile>
    <ClCompile Include="集合算法.cpp">
      <Filter>源文件</Filter>
    </ClCompile>
  </ItemGroup>
  <ItemGroup>
    <ClInclude Include="person.hpp">
      <Filter>头文件</Filter>
    </ClInclude>
  </ItemGroup>
</Project>